
Microsoft Visual Studio Solution File, Format Version 12.00
# Visual Studio Version 16
VisualStudioVersion = 16.0.30406.217
MinimumVisualStudioVersion = 10.0.40219.1
Project("{FAE04EC0-301F-11D3-BF4B-00C04F79EFBC}") = "NorthWind", "NorthWind\NorthWind.csproj", "{D8E16664-050B-4324-9ABF-B9E0F0A2B62C}"
EndProject
Global
	GlobalSection(SolutionConfigurationPlatforms) = preSolution
		Debug|Any CPU = Debug|Any CPU
		Release|Any CPU = Release|Any CPU
	EndGlobalSection
	GlobalSection(ProjectConfigurationPlatforms) = postSolution
		{D8E16664-050B-4324-9ABF-B9E0F0A2B62C}.Debug|Any CPU.ActiveCfg = Debug|Any CPU
		{D8E16664-050B-4324-9ABF-B9E0F0A2B62C}.Debug|Any CPU.Build.0 = Debug|Any CPU
		{D8E16664-050B-4324-9ABF-B9E0F0A2B62C}.Release|Any CPU.ActiveCfg = Release|Any CPU
		{D8E16664-050B-4324-9ABF-B9E0F0A2B62C}.Release|Any CPU.Build.0 = Release|Any CPU
	EndGlobalSection
	GlobalSection(SolutionProperties) = preSolution
		HideSolutionNode = FALSE
	EndGlobalSection
	GlobalSection(ExtensibilityGlobals) = postSolution
		SolutionGuid = {A1E41215-5E5B-4464-A417-9AA73C9792C6}
	EndGlobalSection
EndGlobal
